
Microsoft Visual Studio Solution File, Format Version 12.00
# Visual Studio Version 16
VisualStudioVersion = 16.0.31829.152
MinimumVisualStudioVersion = 10.0.40219.1
Project("{FAE04EC0-301F-11D3-BF4B-00C04F79EFBC}") = "DesignPatterns", "DesignPatterns\DesignPatterns.csproj", "{C48E8CD8-C907-49E4-9974-513326B0D50D}"
EndProject
Global
	GlobalSection(SolutionConfigurationPlatforms) = preSolution
		Debug|Any CPU = Debug|Any CPU
		Release|Any CPU = Release|Any CPU
	EndGlobalSection
	GlobalSection(ProjectConfigurationPlatforms) = postSolution
		{C48E8CD8-C907-49E4-9974-513326B0D50D}.Debug|Any CPU.ActiveCfg = Debug|Any CPU
		{C48E8CD8-C907-49E4-9974-513326B0D50D}.Debug|Any CPU.Build.0 = Debug|Any CPU
		{C48E8CD8-C907-49E4-9974-513326B0D50D}.Release|Any CPU.ActiveCfg = Release|Any CPU
		{C48E8CD8-C907-49E4-9974-513326B0D50D}.Release|Any CPU.Build.0 = Release|Any CPU
	EndGlobalSection
	GlobalSection(SolutionProperties) = preSolution
		HideSolutionNode = FALSE
	EndGlobalSection
	GlobalSection(ExtensibilityGlobals) = postSolution
		SolutionGuid = {5BEE4460-2C08-405C-BD40-CEC857AC1A40}
	EndGlobalSection
EndGlobal
